
Microsoft Visual Studio Solution File, Format Version 12.00
# Visual Studio Version 17
VisualStudioVersion = 17.14.36327.8 d17.14
MinimumVisualStudioVersion = 10.0.40219.1
Project("{FAE04EC0-301F-11D3-BF4B-00C04F79EFBC}") = "GoFor1", "GoFor1\GoFor1.csproj", "{28E54225-B68A-432B-8B15-B24FE9E6FC1C}"
EndProject
Global
	GlobalSection(SolutionConfigurationPlatforms) = preSolution
		Debug|Any CPU = Debug|Any CPU
		Release|Any CPU = Release|Any CPU
	EndGlobalSection
	GlobalSection(ProjectConfigurationPlatforms) = postSolution
		{28E54225-B68A-432B-8B15-B24FE9E6FC1C}.Debug|Any CPU.ActiveCfg = Debug|Any CPU
		{28E54225-B68A-432B-8B15-B24FE9E6FC1C}.Debug|Any CPU.Build.0 = Debug|Any CPU
		{28E54225-B68A-432B-8B15-B24FE9E6FC1C}.Release|Any CPU.ActiveCfg = Release|Any CPU
		{28E54225-B68A-432B-8B15-B24FE9E6FC1C}.Release|Any CPU.Build.0 = Release|Any CPU
	EndGlobalSection
	GlobalSection(SolutionProperties) = preSolution
		HideSolutionNode = FALSE
	EndGlobalSection
	GlobalSection(ExtensibilityGlobals) = postSolution
		SolutionGuid = {5209095F-2EDE-4296-8490-9EEBD0AEFAD5}
	EndGlobalSection
EndGlobal
